
Microsoft Visual Studio Solution File, Format Version 12.00
# Visual Studio 15
VisualStudioVersion = 15.0.26430.12
MinimumVisualStudioVersion = 10.0.40219.1
Project("{9092AA53-FB77-4645-B42D-1CCCA6BD08BD}") = "ntut-oop-lab-2017-spring", "ntut-oop-lab-2017-spring.njsproj", "{465A51C9-99F2-494C-B516-A65A7C1ADDC9}"
EndProject
Global
	GlobalSection(SolutionConfigurationPlatforms) = preSolution
		Debug|Any CPU = Debug|Any CPU
		Release|Any CPU = Release|Any CPU
	EndGlobalSection
	GlobalSection(ProjectConfigurationPlatforms) = postSolution
		{465A51C9-99F2-494C-B516-A65A7C1ADDC9}.Debug|Any CPU.ActiveCfg = Debug|Any CPU
		{465A51C9-99F2-494C-B516-A65A7C1ADDC9}.Debug|Any CPU.Build.0 = Debug|Any CPU
		{465A51C9-99F2-494C-B516-A65A7C1ADDC9}.Release|Any CPU.ActiveCfg = Release|Any CPU
		{465A51C9-99F2-494C-B516-A65A7C1ADDC9}.Release|Any CPU.Build.0 = Release|Any CPU
	EndGlobalSection
	GlobalSection(SolutionProperties) = preSolution
		HideSolutionNode = FALSE
	EndGlobalSection
EndGlobal
